
Microsoft Visual Studio Solution File, Format Version 12.00
Project("{FAE04EC0-301F-11D3-BF4B-00C04F79EFBC}") = "GeometryCalculator", "GeometryCalculator\GeometryCalculator.csproj", "{87077AC9-BDBF-4037-A6EE-F2D647946EFD}"
EndProject
Project("{FAE04EC0-301F-11D3-BF4B-00C04F79EFBC}") = "GeometryCalculator.Tests", "GeometryCalculator.Tests\GeometryCalculator.Tests.csproj", "{70B1A182-4379-4D33-B85D-C9E4E847F762}"
EndProject
Global
	GlobalSection(SolutionConfigurationPlatforms) = preSolution
		Debug|Any CPU = Debug|Any CPU
		Release|Any CPU = Release|Any CPU
	EndGlobalSection
	GlobalSection(ProjectConfigurationPlatforms) = postSolution
		{87077AC9-BDBF-4037-A6EE-F2D647946EFD}.Debug|Any CPU.ActiveCfg = Debug|Any CPU
		{87077AC9-BDBF-4037-A6EE-F2D647946EFD}.Debug|Any CPU.Build.0 = Debug|Any CPU
		{87077AC9-BDBF-4037-A6EE-F2D647946EFD}.Release|Any CPU.ActiveCfg = Release|Any CPU
		{87077AC9-BDBF-4037-A6EE-F2D647946EFD}.Release|Any CPU.Build.0 = Release|Any CPU
		{70B1A182-4379-4D33-B85D-C9E4E847F762}.Debug|Any CPU.ActiveCfg = Debug|Any CPU
		{70B1A182-4379-4D33-B85D-C9E4E847F762}.Debug|Any CPU.Build.0 = Debug|Any CPU
		{70B1A182-4379-4D33-B85D-C9E4E847F762}.Release|Any CPU.ActiveCfg = Release|Any CPU
		{70B1A182-4379-4D33-B85D-C9E4E847F762}.Release|Any CPU.Build.0 = Release|Any CPU
	EndGlobalSection
EndGlobal
